
Microsoft Visual Studio Solution File, Format Version 12.00
# Visual Studio Version 17
VisualStudioVersion = 17.2.32630.192
MinimumVisualStudioVersion = 10.0.40219.1
Project("{8BC9CEB8-8B4A-11D0-8D11-00A0C91BC942}") = "Network_server", "Network_server\Network_server.vcxproj", "{B822AD5E-1F06-47C8-B6D8-80F6A8B70D39}"
EndProject
Project("{8BC9CEB8-8B4A-11D0-8D11-00A0C91BC942}") = "Network_client", "Network_client\Network_client.vcxproj", "{8E6F3CE7-F6DF-43BE-815B-B1B61354E806}"
	ProjectSection(ProjectDependencies) = postProject
		{34599165-FB3A-40E5-8BDF-3672521005FE} = {34599165-FB3A-40E5-8BDF-3672521005FE}
		{B822AD5E-1F06-47C8-B6D8-80F6A8B70D39} = {B822AD5E-1F06-47C8-B6D8-80F6A8B70D39}
	EndProjectSection
EndProject
Project("{8BC9CEB8-8B4A-11D0-8D11-00A0C91BC942}") = "Network_framework", "Network_framework\Network_framework.vcxproj", "{34599165-FB3A-40E5-8BDF-3672521005FE}"
EndProject
Global
	GlobalSection(SolutionConfigurationPlatforms) = preSolution
		Debug|x64 = Debug|x64
		Debug|x86 = Debug|x86
		Release|x64 = Release|x64
		Release|x86 = Release|x86
	EndGlobalSection
	GlobalSection(ProjectConfigurationPlatforms) = postSolution
		{B822AD5E-1F06-47C8-B6D8-80F6A8B70D39}.Debug|x64.ActiveCfg = Debug|x64
		{B822AD5E-1F06-47C8-B6D8-80F6A8B70D39}.Debug|x64.Build.0 = Debug|x64
		{B822AD5E-1F06-47C8-B6D8-80F6A8B70D39}.Debug|x86.ActiveCfg = Debug|Win32
		{B822AD5E-1F06-47C8-B6D8-80F6A8B70D39}.Debug|x86.Build.0 = Debug|Win32
		{B822AD5E-1F06-47C8-B6D8-80F6A8B70D39}.Release|x64.ActiveCfg = Release|x64
		{B822AD5E-1F06-47C8-B6D8-80F6A8B70D39}.Release|x64.Build.0 = Release|x64
		{B822AD5E-1F06-47C8-B6D8-80F6A8B70D39}.Release|x86.ActiveCfg = Release|Win32
		{B822AD5E-1F06-47C8-B6D8-80F6A8B70D39}.Release|x86.Build.0 = Release|Win32
		{8E6F3CE7-F6DF-43BE-815B-B1B61354E806}.Debug|x64.ActiveCfg = Debug|x64
		{8E6F3CE7-F6DF-43BE-815B-B1B61354E806}.Debug|x64.Build.0 = Debug|x64
		{8E6F3CE7-F6DF-43BE-815B-B1B61354E806}.Debug|x86.ActiveCfg = Debug|Win32
		{8E6F3CE7-F6DF-43BE-815B-B1B61354E806}.Debug|x86.Build.0 = Debug|Win32
		{8E6F3CE7-F6DF-43BE-815B-B1B61354E806}.Release|x64.ActiveCfg = Release|x64
		{8E6F3CE7-F6DF-43BE-815B-B1B61354E806}.Release|x64.Build.0 = Release|x64
		{8E6F3CE7-F6DF-43BE-815B-B1B61354E806}.Release|x86.ActiveCfg = Release|Win32
		{8E6F3CE7-F6DF-43BE-815B-B1B61354E806}.Release|x86.Build.0 = Release|Win32
		{34599165-FB3A-40E5-8BDF-3672521005FE}.Debug|x64.ActiveCfg = Debug|x64
		{34599165-FB3A-40E5-8BDF-3672521005FE}.Debug|x64.Build.0 = Debug|x64
		{34599165-FB3A-40E5-8BDF-3672521005FE}.Debug|x86.ActiveCfg = Debug|Win32
		{34599165-FB3A-40E5-8BDF-3672521005FE}.Debug|x86.Build.0 = Debug|Win32
		{34599165-FB3A-40E5-8BDF-3672521005FE}.Release|x64.ActiveCfg = Release|x64
		{34599165-FB3A-40E5-8BDF-3672521005FE}.Release|x64.Build.0 = Release|x64
		{34599165-FB3A-40E5-8BDF-3672521005FE}.Release|x86.ActiveCfg = Release|Win32
		{34599165-FB3A-40E5-8BDF-3672521005FE}.Release|x86.Build.0 = Release|Win32
	EndGlobalSection
	GlobalSection(SolutionProperties) = preSolution
		HideSolutionNode = FALSE
	EndGlobalSection
	GlobalSection(ExtensibilityGlobals) = postSolution
		SolutionGuid = {6070B9F6-AF53-4631-9418-6BB2A36B3266}
	EndGlobalSection
EndGlobal
