<?xml version="1.0" encoding="utf-8"?>
<Project ToolsVersion="4.0" xmlns="http://schemas.microsoft.com/developer/msbuild/2003">
  <ItemGroup>
    <Filter Include="Source Files">
      <UniqueIdentifier>{4FC737F1-C7A5-4376-A066-2A32D752A2FF}</UniqueIdentifier>
      <Extensions>cpp;c;cc;cxx;c++;cppm;ixx;def;odl;idl;hpj;bat;asm;asmx</Extensions>
    </Filter>
    <Filter Include="Header Files">
      <UniqueIdentifier>{93995380-89BD-4b04-88EB-625FBE52EBFB}</UniqueIdentifier>
      <Extensions>h;hh;hpp;hxx;h++;hm;inl;inc;ipp;xsd</Extensions>
    </Filter>
    <Filter Include="Resource Files">
      <UniqueIdentifier>{67DA6AB6-F800-4c08-8B7A-83BB121AAD01}</UniqueIdentifier>
      <Extensions>rc;ico;cur;bmp;dlg;rc2;rct;bin;rgs;gif;jpg;jpeg;jpe;resx;tiff;tif;png;wav;mfcribbon-ms</Extensions>
    </Filter>
  </ItemGroup>
  <ItemGroup>
    <ClCompile Include="Main.cpp">
      <Filter>Source Files</Filter>
    </ClCompile>
    <ClCompile Include="Framework\Connection\Connection.ixx">
      <Filter>Source Files</Filter>
    </ClCompile>
    <ClCompile Include="Framework\Message\Message.ixx">
      <Filter>Source Files</Filter>
    </ClCompile>
    <ClCompile Include="Framework\Message\Message_converter.ixx">
      <Filter>Source Files</Filter>
    </ClCompile>
    <ClCompile Include="Framework\Message\Message_header.ixx">
      <Filter>Source Files</Filter>
    </ClCompile>
    <ClCompile Include="Framework\Message\Owned_message.ixx">
      <Filter>Source Files</Filter>
    </ClCompile>
    <ClCompile Include="Framework\Sockets\Socket_interface.ixx">
      <Filter>Source Files</Filter>
    </ClCompile>
    <ClCompile Include="Framework\Sockets\Template_socket.ixx">
      <Filter>Source Files</Filter>
    </ClCompile>
    <ClCompile Include="Framework\User\Ssl\Ssl_client.ixx">
      <Filter>Source Files</Filter>
    </ClCompile>
    <ClCompile Include="Framework\User\Ssl\Ssl_server.ixx">
      <Filter>Source Files</Filter>
    </ClCompile>
    <ClCompile Include="Framework\User\Asio_base.ixx">
      <Filter>Source Files</Filter>
    </ClCompile>
    <ClCompile Include="Framework\User\Client.ixx">
      <Filter>Source Files</Filter>
    </ClCompile>
    <ClCompile Include="Framework\User\Server.ixx">
      <Filter>Source Files</Filter>
    </ClCompile>
    <ClCompile Include="Framework\User\User.ixx">
      <Filter>Source Files</Filter>
    </ClCompile>
    <ClCompile Include="Framework\Utility\Client_information.ixx">
      <Filter>Source Files</Filter>
    </ClCompile>
    <ClCompile Include="Framework\Utility\Common.ixx">
      <Filter>Source Files</Filter>
    </ClCompile>
    <ClCompile Include="Framework\Utility\Delegate.ixx">
      <Filter>Source Files</Filter>
    </ClCompile>
    <ClCompile Include="Framework\Utility\Thread_safe_deque.ixx">
      <Filter>Source Files</Filter>
    </ClCompile>
    <ClCompile Include="Framework\Network_framework.ixx">
      <Filter>Source Files</Filter>
    </ClCompile>
  </ItemGroup>
  <ItemGroup>
    <ClInclude Include="Framework\Utility\Asio_includes.h">
      <Filter>Header Files</Filter>
    </ClInclude>
  </ItemGroup>
</Project>